<?xml version="1.0" encoding="utf-8"?>
<Project ToolsVersion="4.0" xmlns:atg="http://atg.xbox.com" xmlns="http://schemas.microsoft.com/developer/msbuild/2003">
  <ItemGroup>
    <Filter Include="Resource Files">
      <UniqueIdentifier>{8e114980-c1a3-4ada-ad7c-83caadf5daeb}</UniqueIdentifier>
      <Extensions>rc;ico;cur;bmp;dlg;rc2;rct;bin;rgs;gif;jpg;jpeg;jpe</Extensions>
    </Filter>
    <Filter Include="DXUT">
      <UniqueIdentifier>{a43c5c25-0e86-4a20-b64a-883785ff74fd}</UniqueIdentifier>
    </Filter>
    <Filter Include="header">
      <UniqueIdentifier>{f95cf33f-d0e4-4c2a-a548-0dca75df6cc7}</UniqueIdentifier>
    </Filter>
    <Filter Include="project">
      <UniqueIdentifier>{f97e9764-19d0-4889-b1b4-11abc30c89ce}</UniqueIdentifier>
    </Filter>
    <Filter Include="media">
      <UniqueIdentifier>{0396cf01-98a1-48ab-8ca4-1f4c00ddd668}</UniqueIdentifier>
    </Filter>
    <Filter Include="xfileLoader">
      <UniqueIdentifier>{4af5e77d-ec06-4d7e-be96-daee83138e3e}</UniqueIdentifier>
    </Filter>
  </ItemGroup>
  <ItemGroup>
    <None Include="DXUT\Optional\directx.ico">
      <Filter>Resource Files</Filter>
    </None>
    <None Include="sample.txt">
      <Filter>header</Filter>
    </None>
    <None Include="ClassDiagram1.cd" />
  </ItemGroup>
  <ItemGroup>
    <ClCompile Include="ZCamera.cpp">
      <Filter>project</Filter>
    </ClCompile>
    <ClCompile Include="CameraSetting.cpp">
      <Filter>project</Filter>
    </ClCompile>
    <ClCompile Include="Ball.cpp">
      <Filter>project</Filter>
    </ClCompile>
    <ClCompile Include="Monster.cpp">
      <Filter>project</Filter>
    </ClCompile>
    <ClCompile Include="Dball.cpp">
      <Filter>project</Filter>
    </ClCompile>
    <ClCompile Include="Xfile.cpp">
      <Filter>project</Filter>
    </ClCompile>
    <ClCompile Include="Items.cpp">
      <Filter>project</Filter>
    </ClCompile>
    <ClCompile Include="Moving.cpp">
      <Filter>project</Filter>
    </ClCompile>
    <ClCompile Include="ItemsList.cpp">
      <Filter>project</Filter>
    </ClCompile>
    <ClCompile Include="Ui.cpp">
      <Filter>project</Filter>
    </ClCompile>
    <ClCompile Include="CModel.cpp">
      <Filter>project</Filter>
    </ClCompile>
    <ClCompile Include="DirectInput.cpp">
      <Filter>project</Filter>
    </ClCompile>
    <ClCompile Include="CAllocateHierarchy.cpp">
      <Filter>project</Filter>
    </ClCompile>
    <ClCompile Include="Monai.cpp">
      <Filter>project</Filter>
    </ClCompile>
    <ClCompile Include="Missile.cpp">
      <Filter>project</Filter>
    </ClCompile>
    <ClCompile Include="Wall.cpp">
      <Filter>project</Filter>
    </ClCompile>
    <ClCompile Include="Pattern.cpp">
      <Filter>project</Filter>
    </ClCompile>
    <ClCompile Include="CheckAI.cpp">
      <Filter>project</Filter>
    </ClCompile>
  </ItemGroup>
  <ItemGroup>
    <CLInclude Include="resource.h">
      <Filter>Resource Files</Filter>
    </CLInclude>
    <ResourceCompile Include="Meshes.rc">
      <Filter>Resource Files</Filter>
    </ResourceCompile>
    <ClInclude Include="ZCamera.h">
      <Filter>header</Filter>
    </ClInclude>
    <ClInclude Include="CameraSetting.h">
      <Filter>header</Filter>
    </ClInclude>
    <ClInclude Include="Variable.h">
      <Filter>header</Filter>
    </ClInclude>
    <ClInclude Include="Settings.h">
      <Filter>header</Filter>
    </ClInclude>
    <ClInclude Include="Ball.h">
      <Filter>header</Filter>
    </ClInclude>
    <ClInclude Include="Monster.h">
      <Filter>header</Filter>
    </ClInclude>
    <ClInclude Include="Xfile.h">
      <Filter>header</Filter>
    </ClInclude>
    <ClInclude Include="Items.h">
      <Filter>header</Filter>
    </ClInclude>
    <ClInclude Include="Moving.h">
      <Filter>header</Filter>
    </ClInclude>
    <ClInclude Include="ItemsList.h">
      <Filter>header</Filter>
    </ClInclude>
    <ClInclude Include="Ui.h">
      <Filter>header</Filter>
    </ClInclude>
    <ClInclude Include="Struct.h">
      <Filter>header</Filter>
    </ClInclude>
    <ClInclude Include="CAllocateHierarchy.h">
      <Filter>header</Filter>
    </ClInclude>
    <ClInclude Include="CModel.h">
      <Filter>header</Filter>
    </ClInclude>
    <ClInclude Include="DerivedStructs.h">
      <Filter>header</Filter>
    </ClInclude>
    <ClInclude Include="DirectInput.h">
      <Filter>header</Filter>
    </ClInclude>
    <ClInclude Include="Macros.h">
      <Filter>header</Filter>
    </ClInclude>
    <ClInclude Include="Monai.h">
      <Filter>header</Filter>
    </ClInclude>
    <ClInclude Include="Missile.h">
      <Filter>header</Filter>
    </ClInclude>
    <ClInclude Include="Wall.h">
      <Filter>header</Filter>
    </ClInclude>
    <ClInclude Include="CheckAI.h">
      <Filter>header</Filter>
    </ClInclude>
    <ClInclude Include="Pattern.h">
      <Filter>header</Filter>
    </ClInclude>
  </ItemGroup>
  <ItemGroup>
  </ItemGroup>
</Project>